
Microsoft Visual Studio Solution File, Format Version 12.00
# Visual Studio Version 17
VisualStudioVersion = 17.4.33122.133
MinimumVisualStudioVersion = 10.0.40219.1
Project("{FAE04EC0-301F-11D3-BF4B-00C04F79EFBC}") = "phoneCATALOG", "phoneCATALOG.csproj", "{EF6AFB1F-E9F2-41FF-832F-AA2553E709DD}"
EndProject
Global
	GlobalSection(SolutionConfigurationPlatforms) = preSolution
		Debug|Any CPU = Debug|Any CPU
		Release|Any CPU = Release|Any CPU
	EndGlobalSection
	GlobalSection(ProjectConfigurationPlatforms) = postSolution
		{EF6AFB1F-E9F2-41FF-832F-AA2553E709DD}.Debug|Any CPU.ActiveCfg = Debug|Any CPU
		{EF6AFB1F-E9F2-41FF-832F-AA2553E709DD}.Debug|Any CPU.Build.0 = Debug|Any CPU
		{EF6AFB1F-E9F2-41FF-832F-AA2553E709DD}.Release|Any CPU.ActiveCfg = Release|Any CPU
		{EF6AFB1F-E9F2-41FF-832F-AA2553E709DD}.Release|Any CPU.Build.0 = Release|Any CPU
	EndGlobalSection
	GlobalSection(SolutionProperties) = preSolution
		HideSolutionNode = FALSE
	EndGlobalSection
	GlobalSection(ExtensibilityGlobals) = postSolution
		SolutionGuid = {637C4EB7-5501-475A-B62A-584EB4A50041}
	EndGlobalSection
EndGlobal
